
Microsoft Visual Studio Solution File, Format Version 12.00
# Visual Studio Version 16
VisualStudioVersion = 16.0.30517.126
MinimumVisualStudioVersion = 10.0.40219.1
Project("{00D1A9C2-B5F0-4AF3-8072-F6C62B433612}") = "BasketBallDB", "BasketBallDB.sqlproj", "{B6406752-16DB-4B8A-AEA5-FC27A628482D}"
EndProject
Global
	GlobalSection(SolutionConfigurationPlatforms) = preSolution
		Debug|Any CPU = Debug|Any CPU
		Release|Any CPU = Release|Any CPU
	EndGlobalSection
	GlobalSection(ProjectConfigurationPlatforms) = postSolution
		{B6406752-16DB-4B8A-AEA5-FC27A628482D}.Debug|Any CPU.ActiveCfg = Debug|Any CPU
		{B6406752-16DB-4B8A-AEA5-FC27A628482D}.Debug|Any CPU.Build.0 = Debug|Any CPU
		{B6406752-16DB-4B8A-AEA5-FC27A628482D}.Debug|Any CPU.Deploy.0 = Debug|Any CPU
		{B6406752-16DB-4B8A-AEA5-FC27A628482D}.Release|Any CPU.ActiveCfg = Release|Any CPU
		{B6406752-16DB-4B8A-AEA5-FC27A628482D}.Release|Any CPU.Build.0 = Release|Any CPU
		{B6406752-16DB-4B8A-AEA5-FC27A628482D}.Release|Any CPU.Deploy.0 = Release|Any CPU
	EndGlobalSection
	GlobalSection(SolutionProperties) = preSolution
		HideSolutionNode = FALSE
	EndGlobalSection
	GlobalSection(ExtensibilityGlobals) = postSolution
		SolutionGuid = {581E4411-0087-4931-B362-F8C101062382}
	EndGlobalSection
EndGlobal
